
Microsoft Visual Studio Solution File, Format Version 12.00
# Visual Studio Version 16
VisualStudioVersion = 16.0.30717.126
MinimumVisualStudioVersion = 10.0.40219.1
Project("{FAE04EC0-301F-11D3-BF4B-00C04F79EFBC}") = "Tasks", "Tasks\Tasks.csproj", "{60FDA686-B3BA-4408-8515-7C1F361C9F2E}"
EndProject
Project("{FAE04EC0-301F-11D3-BF4B-00C04F79EFBC}") = "DataSharingSynchronization", "DataSharingSynchronization\DataSharingSynchronization.csproj", "{77497CB1-FFC3-40C8-9D1A-A0B3B1DA77EE}"
EndProject
Project("{FAE04EC0-301F-11D3-BF4B-00C04F79EFBC}") = "ConcurrentCollections", "ConcurrentCollections\ConcurrentCollections.csproj", "{0019E7AA-905C-47C0-938F-0A86FA4BAFBD}"
EndProject
Global
	GlobalSection(SolutionConfigurationPlatforms) = preSolution
		Debug|Any CPU = Debug|Any CPU
		Release|Any CPU = Release|Any CPU
	EndGlobalSection
	GlobalSection(ProjectConfigurationPlatforms) = postSolution
		{60FDA686-B3BA-4408-8515-7C1F361C9F2E}.Debug|Any CPU.ActiveCfg = Debug|Any CPU
		{60FDA686-B3BA-4408-8515-7C1F361C9F2E}.Debug|Any CPU.Build.0 = Debug|Any CPU
		{60FDA686-B3BA-4408-8515-7C1F361C9F2E}.Release|Any CPU.ActiveCfg = Release|Any CPU
		{60FDA686-B3BA-4408-8515-7C1F361C9F2E}.Release|Any CPU.Build.0 = Release|Any CPU
		{77497CB1-FFC3-40C8-9D1A-A0B3B1DA77EE}.Debug|Any CPU.ActiveCfg = Debug|Any CPU
		{77497CB1-FFC3-40C8-9D1A-A0B3B1DA77EE}.Debug|Any CPU.Build.0 = Debug|Any CPU
		{77497CB1-FFC3-40C8-9D1A-A0B3B1DA77EE}.Release|Any CPU.ActiveCfg = Release|Any CPU
		{77497CB1-FFC3-40C8-9D1A-A0B3B1DA77EE}.Release|Any CPU.Build.0 = Release|Any CPU
		{0019E7AA-905C-47C0-938F-0A86FA4BAFBD}.Debug|Any CPU.ActiveCfg = Debug|Any CPU
		{0019E7AA-905C-47C0-938F-0A86FA4BAFBD}.Debug|Any CPU.Build.0 = Debug|Any CPU
		{0019E7AA-905C-47C0-938F-0A86FA4BAFBD}.Release|Any CPU.ActiveCfg = Release|Any CPU
		{0019E7AA-905C-47C0-938F-0A86FA4BAFBD}.Release|Any CPU.Build.0 = Release|Any CPU
	EndGlobalSection
	GlobalSection(SolutionProperties) = preSolution
		HideSolutionNode = FALSE
	EndGlobalSection
	GlobalSection(ExtensibilityGlobals) = postSolution
		SolutionGuid = {2F711492-0104-4F5E-936F-801C3F19C134}
	EndGlobalSection
EndGlobal
